
Microsoft Visual Studio Solution File, Format Version 12.00
# Visual Studio 14
VisualStudioVersion = 14.0.24720.0
MinimumVisualStudioVersion = 10.0.40219.1
Project("{888888A0-9F3D-457C-B088-3A5042F75D52}") = "backend", "backend\backend.pyproj", "{85682C37-60FD-43A5-80B7-EDDA71EEAC8E}"
EndProject
Project("{2150E333-8FDC-42A3-9474-1A3956D46DE8}") = "Solution Items", "Solution Items", "{5EC776E2-F62C-4A7D-BF7A-6BE862504DAD}"
EndProject
Project("{2150E333-8FDC-42A3-9474-1A3956D46DE8}") = "Demo", "Demo", "{38CA79AD-CD49-478C-A149-86E6CBD88478}"
	ProjectSection(SolutionItems) = preProject
		demo\demo.ino = demo\demo.ino
	EndProjectSection
EndProject
Global
	GlobalSection(SolutionConfigurationPlatforms) = preSolution
		Debug|Any CPU = Debug|Any CPU
		Release|Any CPU = Release|Any CPU
	EndGlobalSection
	GlobalSection(ProjectConfigurationPlatforms) = postSolution
		{85682C37-60FD-43A5-80B7-EDDA71EEAC8E}.Debug|Any CPU.ActiveCfg = Debug|Any CPU
		{85682C37-60FD-43A5-80B7-EDDA71EEAC8E}.Debug|Any CPU.Build.0 = Debug|Any CPU
		{85682C37-60FD-43A5-80B7-EDDA71EEAC8E}.Release|Any CPU.ActiveCfg = Release|Any CPU
		{85682C37-60FD-43A5-80B7-EDDA71EEAC8E}.Release|Any CPU.Build.0 = Release|Any CPU
	EndGlobalSection
	GlobalSection(SolutionProperties) = preSolution
		HideSolutionNode = FALSE
	EndGlobalSection
EndGlobal
